
Microsoft Visual Studio Solution File, Format Version 12.00
# Visual Studio 15
VisualStudioVersion = 15.0.26124.0
MinimumVisualStudioVersion = 15.0.26124.0
Project("{FAE04EC0-301F-11D3-BF4B-00C04F79EFBC}") = "Domain", "Domain\Domain.csproj", "{A661E79B-5F2A-4B2B-B810-9948C622135D}"
EndProject
Project("{FAE04EC0-301F-11D3-BF4B-00C04F79EFBC}") = "Application", "Application\Application.csproj", "{A552DBB6-4D90-4ECA-A32B-45C291CF8DF1}"
EndProject
Project("{FAE04EC0-301F-11D3-BF4B-00C04F79EFBC}") = "Persistence", "Persistence\Persistence.csproj", "{591E9E82-89E0-4195-A42C-218BA925EBEF}"
EndProject
Project("{FAE04EC0-301F-11D3-BF4B-00C04F79EFBC}") = "API", "API\API.csproj", "{4C049765-92F0-4378-ADBB-64C1D929B954}"
EndProject
Global
	GlobalSection(SolutionConfigurationPlatforms) = preSolution
		Debug|Any CPU = Debug|Any CPU
		Debug|x64 = Debug|x64
		Debug|x86 = Debug|x86
		Release|Any CPU = Release|Any CPU
		Release|x64 = Release|x64
		Release|x86 = Release|x86
	EndGlobalSection
	GlobalSection(SolutionProperties) = preSolution
		HideSolutionNode = FALSE
	EndGlobalSection
	GlobalSection(ProjectConfigurationPlatforms) = postSolution
		{A661E79B-5F2A-4B2B-B810-9948C622135D}.Debug|Any CPU.ActiveCfg = Debug|Any CPU
		{A661E79B-5F2A-4B2B-B810-9948C622135D}.Debug|Any CPU.Build.0 = Debug|Any CPU
		{A661E79B-5F2A-4B2B-B810-9948C622135D}.Debug|x64.ActiveCfg = Debug|Any CPU
		{A661E79B-5F2A-4B2B-B810-9948C622135D}.Debug|x64.Build.0 = Debug|Any CPU
		{A661E79B-5F2A-4B2B-B810-9948C622135D}.Debug|x86.ActiveCfg = Debug|Any CPU
		{A661E79B-5F2A-4B2B-B810-9948C622135D}.Debug|x86.Build.0 = Debug|Any CPU
		{A661E79B-5F2A-4B2B-B810-9948C622135D}.Release|Any CPU.ActiveCfg = Release|Any CPU
		{A661E79B-5F2A-4B2B-B810-9948C622135D}.Release|Any CPU.Build.0 = Release|Any CPU
		{A661E79B-5F2A-4B2B-B810-9948C622135D}.Release|x64.ActiveCfg = Release|Any CPU
		{A661E79B-5F2A-4B2B-B810-9948C622135D}.Release|x64.Build.0 = Release|Any CPU
		{A661E79B-5F2A-4B2B-B810-9948C622135D}.Release|x86.ActiveCfg = Release|Any CPU
		{A661E79B-5F2A-4B2B-B810-9948C622135D}.Release|x86.Build.0 = Release|Any CPU
		{A552DBB6-4D90-4ECA-A32B-45C291CF8DF1}.Debug|Any CPU.ActiveCfg = Debug|Any CPU
		{A552DBB6-4D90-4ECA-A32B-45C291CF8DF1}.Debug|Any CPU.Build.0 = Debug|Any CPU
		{A552DBB6-4D90-4ECA-A32B-45C291CF8DF1}.Debug|x64.ActiveCfg = Debug|Any CPU
		{A552DBB6-4D90-4ECA-A32B-45C291CF8DF1}.Debug|x64.Build.0 = Debug|Any CPU
		{A552DBB6-4D90-4ECA-A32B-45C291CF8DF1}.Debug|x86.ActiveCfg = Debug|Any CPU
		{A552DBB6-4D90-4ECA-A32B-45C291CF8DF1}.Debug|x86.Build.0 = Debug|Any CPU
		{A552DBB6-4D90-4ECA-A32B-45C291CF8DF1}.Release|Any CPU.ActiveCfg = Release|Any CPU
		{A552DBB6-4D90-4ECA-A32B-45C291CF8DF1}.Release|Any CPU.Build.0 = Release|Any CPU
		{A552DBB6-4D90-4ECA-A32B-45C291CF8DF1}.Release|x64.ActiveCfg = Release|Any CPU
		{A552DBB6-4D90-4ECA-A32B-45C291CF8DF1}.Release|x64.Build.0 = Release|Any CPU
		{A552DBB6-4D90-4ECA-A32B-45C291CF8DF1}.Release|x86.ActiveCfg = Release|Any CPU
		{A552DBB6-4D90-4ECA-A32B-45C291CF8DF1}.Release|x86.Build.0 = Release|Any CPU
		{591E9E82-89E0-4195-A42C-218BA925EBEF}.Debug|Any CPU.ActiveCfg = Debug|Any CPU
		{591E9E82-89E0-4195-A42C-218BA925EBEF}.Debug|Any CPU.Build.0 = Debug|Any CPU
		{591E9E82-89E0-4195-A42C-218BA925EBEF}.Debug|x64.ActiveCfg = Debug|Any CPU
		{591E9E82-89E0-4195-A42C-218BA925EBEF}.Debug|x64.Build.0 = Debug|Any CPU
		{591E9E82-89E0-4195-A42C-218BA925EBEF}.Debug|x86.ActiveCfg = Debug|Any CPU
		{591E9E82-89E0-4195-A42C-218BA925EBEF}.Debug|x86.Build.0 = Debug|Any CPU
		{591E9E82-89E0-4195-A42C-218BA925EBEF}.Release|Any CPU.ActiveCfg = Release|Any CPU
		{591E9E82-89E0-4195-A42C-218BA925EBEF}.Release|Any CPU.Build.0 = Release|Any CPU
		{591E9E82-89E0-4195-A42C-218BA925EBEF}.Release|x64.ActiveCfg = Release|Any CPU
		{591E9E82-89E0-4195-A42C-218BA925EBEF}.Release|x64.Build.0 = Release|Any CPU
		{591E9E82-89E0-4195-A42C-218BA925EBEF}.Release|x86.ActiveCfg = Release|Any CPU
		{591E9E82-89E0-4195-A42C-218BA925EBEF}.Release|x86.Build.0 = Release|Any CPU
		{4C049765-92F0-4378-ADBB-64C1D929B954}.Debug|Any CPU.ActiveCfg = Debug|Any CPU
		{4C049765-92F0-4378-ADBB-64C1D929B954}.Debug|Any CPU.Build.0 = Debug|Any CPU
		{4C049765-92F0-4378-ADBB-64C1D929B954}.Debug|x64.ActiveCfg = Debug|Any CPU
		{4C049765-92F0-4378-ADBB-64C1D929B954}.Debug|x64.Build.0 = Debug|Any CPU
		{4C049765-92F0-4378-ADBB-64C1D929B954}.Debug|x86.ActiveCfg = Debug|Any CPU
		{4C049765-92F0-4378-ADBB-64C1D929B954}.Debug|x86.Build.0 = Debug|Any CPU
		{4C049765-92F0-4378-ADBB-64C1D929B954}.Release|Any CPU.ActiveCfg = Release|Any CPU
		{4C049765-92F0-4378-ADBB-64C1D929B954}.Release|Any CPU.Build.0 = Release|Any CPU
		{4C049765-92F0-4378-ADBB-64C1D929B954}.Release|x64.ActiveCfg = Release|Any CPU
		{4C049765-92F0-4378-ADBB-64C1D929B954}.Release|x64.Build.0 = Release|Any CPU
		{4C049765-92F0-4378-ADBB-64C1D929B954}.Release|x86.ActiveCfg = Release|Any CPU
		{4C049765-92F0-4378-ADBB-64C1D929B954}.Release|x86.Build.0 = Release|Any CPU
	EndGlobalSection
EndGlobal
